
Microsoft Visual Studio Solution File, Format Version 12.00
# Visual Studio 2013
VisualStudioVersion = 12.0.40629.0
MinimumVisualStudioVersion = 10.0.40219.1
Project("{FAE04EC0-301F-11D3-BF4B-00C04F79EFBC}") = "Quiron.LojaVirtual.Dominio", "Quiron.LojaVirtual.Dominio\Quiron.LojaVirtual.Dominio.csproj", "{3B12A939-7157-491A-A184-C141B3446ACB}"
EndProject
Project("{FAE04EC0-301F-11D3-BF4B-00C04F79EFBC}") = "Quiron.LojaVirtual.Web", "Quiron.LojaVirtual.Web\Quiron.LojaVirtual.Web.csproj", "{B500F4D2-F9F7-4403-8F17-420B55552547}"
EndProject
Project("{FAE04EC0-301F-11D3-BF4B-00C04F79EFBC}") = "Quiron.LojaVirtual.UnitTest", "Quiron.LojaVirtual.UnitTest\Quiron.LojaVirtual.UnitTest.csproj", "{BC854235-9E3D-4DA4-B93D-5397000E6D25}"
EndProject
Global
	GlobalSection(SolutionConfigurationPlatforms) = preSolution
		Debug|Any CPU = Debug|Any CPU
		Release|Any CPU = Release|Any CPU
	EndGlobalSection
	GlobalSection(ProjectConfigurationPlatforms) = postSolution
		{3B12A939-7157-491A-A184-C141B3446ACB}.Debug|Any CPU.ActiveCfg = Debug|Any CPU
		{3B12A939-7157-491A-A184-C141B3446ACB}.Debug|Any CPU.Build.0 = Debug|Any CPU
		{3B12A939-7157-491A-A184-C141B3446ACB}.Release|Any CPU.ActiveCfg = Release|Any CPU
		{3B12A939-7157-491A-A184-C141B3446ACB}.Release|Any CPU.Build.0 = Release|Any CPU
		{B500F4D2-F9F7-4403-8F17-420B55552547}.Debug|Any CPU.ActiveCfg = Debug|Any CPU
		{B500F4D2-F9F7-4403-8F17-420B55552547}.Debug|Any CPU.Build.0 = Debug|Any CPU
		{B500F4D2-F9F7-4403-8F17-420B55552547}.Release|Any CPU.ActiveCfg = Release|Any CPU
		{B500F4D2-F9F7-4403-8F17-420B55552547}.Release|Any CPU.Build.0 = Release|Any CPU
		{BC854235-9E3D-4DA4-B93D-5397000E6D25}.Debug|Any CPU.ActiveCfg = Debug|Any CPU
		{BC854235-9E3D-4DA4-B93D-5397000E6D25}.Debug|Any CPU.Build.0 = Debug|Any CPU
		{BC854235-9E3D-4DA4-B93D-5397000E6D25}.Release|Any CPU.ActiveCfg = Release|Any CPU
		{BC854235-9E3D-4DA4-B93D-5397000E6D25}.Release|Any CPU.Build.0 = Release|Any CPU
	EndGlobalSection
	GlobalSection(SolutionProperties) = preSolution
		HideSolutionNode = FALSE
	EndGlobalSection
EndGlobal
